PODS:
  - Alamofire (4.5.1)
  - SwiftyJSON (4.0.0-alpha.1)

DEPENDENCIES:
  - Alamofire (~> 4.5)
  - SwiftyJSON (= 4.0.0-alpha.1)

SPEC CHECKSUMS:
  Alamofire: 2d95912bf4c34f164fdfc335872e8c312acaea4a
  SwiftyJSON: dc88934f85fb50b263b1632b9cbad3402505783e

PODFILE CHECKSUM: 7a329b44559440d3033336b8a583433b5a2adaa0

COCOAPODS: 1.1.1
